
Microsoft Visual Studio Solution File, Format Version 12.00
# Visual Studio Version 16
VisualStudioVersion = 25.0.1705.5
MinimumVisualStudioVersion = 10.0.40219.1
Project("{FAE04EC0-301F-11D3-BF4B-00C04F79EFBC}") = "Pustok2", "Pustok2.csproj", "{592B76A1-8395-47F7-A078-8A64D98E995F}"
EndProject
Global
	GlobalSection(SolutionConfigurationPlatforms) = preSolution
		Debug|Any CPU = Debug|Any CPU
		Release|Any CPU = Release|Any CPU
	EndGlobalSection
	GlobalSection(ProjectConfigurationPlatforms) = postSolution
		{592B76A1-8395-47F7-A078-8A64D98E995F}.Debug|Any CPU.ActiveCfg = Debug|Any CPU
		{592B76A1-8395-47F7-A078-8A64D98E995F}.Debug|Any CPU.Build.0 = Debug|Any CPU
		{592B76A1-8395-47F7-A078-8A64D98E995F}.Release|Any CPU.ActiveCfg = Release|Any CPU
		{592B76A1-8395-47F7-A078-8A64D98E995F}.Release|Any CPU.Build.0 = Release|Any CPU
	EndGlobalSection
	GlobalSection(SolutionProperties) = preSolution
		HideSolutionNode = FALSE
	EndGlobalSection
	GlobalSection(ExtensibilityGlobals) = postSolution
		SolutionGuid = {D456DF10-A1A3-4147-9135-8C10DD3D8A46}
	EndGlobalSection
EndGlobal
